
Microsoft Visual Studio Solution File, Format Version 12.00
# Visual Studio Version 17
VisualStudioVersion = 17.7.34221.43
MinimumVisualStudioVersion = 10.0.40219.1
Project("{FAE04EC0-301F-11D3-BF4B-00C04F79EFBC}") = "ConJaggedArray", "ConJaggedArray\ConJaggedArray.csproj", "{11A4F6E2-7A98-4761-A685-7FC8A988FDEB}"
EndProject
Global
	GlobalSection(SolutionConfigurationPlatforms) = preSolution
		Debug|Any CPU = Debug|Any CPU
		Release|Any CPU = Release|Any CPU
	EndGlobalSection
	GlobalSection(ProjectConfigurationPlatforms) = postSolution
		{11A4F6E2-7A98-4761-A685-7FC8A988FDEB}.Debug|Any CPU.ActiveCfg = Debug|Any CPU
		{11A4F6E2-7A98-4761-A685-7FC8A988FDEB}.Debug|Any CPU.Build.0 = Debug|Any CPU
		{11A4F6E2-7A98-4761-A685-7FC8A988FDEB}.Release|Any CPU.ActiveCfg = Release|Any CPU
		{11A4F6E2-7A98-4761-A685-7FC8A988FDEB}.Release|Any CPU.Build.0 = Release|Any CPU
	EndGlobalSection
	GlobalSection(SolutionProperties) = preSolution
		HideSolutionNode = FALSE
	EndGlobalSection
	GlobalSection(ExtensibilityGlobals) = postSolution
		SolutionGuid = {F903CEE1-3B5B-4D75-97FF-378D719365F9}
	EndGlobalSection
EndGlobal
